
Microsoft Visual Studio Solution File, Format Version 12.00
# Visual Studio Version 16
VisualStudioVersion = 16.0.33801.447
MinimumVisualStudioVersion = 10.0.40219.1
Project("{FAE04EC0-301F-11D3-BF4B-00C04F79EFBC}") = "CSDLPT", "CSDLPT\CSDLPT.csproj", "{F1B6DC34-30B1-4C42-B800-5D66A5D4118C}"
EndProject
Global
	GlobalSection(SolutionConfigurationPlatforms) = preSolution
		Debug|Any CPU = Debug|Any CPU
		Release|Any CPU = Release|Any CPU
	EndGlobalSection
	GlobalSection(ProjectConfigurationPlatforms) = postSolution
		{F1B6DC34-30B1-4C42-B800-5D66A5D4118C}.Debug|Any CPU.ActiveCfg = Debug|Any CPU
		{F1B6DC34-30B1-4C42-B800-5D66A5D4118C}.Debug|Any CPU.Build.0 = Debug|Any CPU
		{F1B6DC34-30B1-4C42-B800-5D66A5D4118C}.Release|Any CPU.ActiveCfg = Release|Any CPU
		{F1B6DC34-30B1-4C42-B800-5D66A5D4118C}.Release|Any CPU.Build.0 = Release|Any CPU
	EndGlobalSection
	GlobalSection(SolutionProperties) = preSolution
		HideSolutionNode = FALSE
	EndGlobalSection
	GlobalSection(ExtensibilityGlobals) = postSolution
		SolutionGuid = {94140535-F748-4F9A-B843-D6D29F706FB6}
	EndGlobalSection
EndGlobal
